
Microsoft Visual Studio Solution File, Format Version 12.00
# Visual Studio Version 16
VisualStudioVersion = 16.0.30611.23
MinimumVisualStudioVersion = 10.0.40219.1
Project("{FAE04EC0-301F-11D3-BF4B-00C04F79EFBC}") = "MyFirstConsoleApp", "MyFirstConsoleApp.csproj", "{08E93DBB-853C-4C41-B727-6B2A9FD8D0DF}"
EndProject
Global
	GlobalSection(SolutionConfigurationPlatforms) = preSolution
		Debug|Any CPU = Debug|Any CPU
		Release|Any CPU = Release|Any CPU
	EndGlobalSection
	GlobalSection(ProjectConfigurationPlatforms) = postSolution
		{08E93DBB-853C-4C41-B727-6B2A9FD8D0DF}.Debug|Any CPU.ActiveCfg = Debug|Any CPU
		{08E93DBB-853C-4C41-B727-6B2A9FD8D0DF}.Debug|Any CPU.Build.0 = Debug|Any CPU
		{08E93DBB-853C-4C41-B727-6B2A9FD8D0DF}.Release|Any CPU.ActiveCfg = Release|Any CPU
		{08E93DBB-853C-4C41-B727-6B2A9FD8D0DF}.Release|Any CPU.Build.0 = Release|Any CPU
	EndGlobalSection
	GlobalSection(SolutionProperties) = preSolution
		HideSolutionNode = FALSE
	EndGlobalSection
	GlobalSection(ExtensibilityGlobals) = postSolution
		SolutionGuid = {A0100EFF-B74B-4D5C-897E-AAAD688D3EBB}
	EndGlobalSection
EndGlobal
